// !$*UTF8*$!
{
	archiveVersion = 1;
	classes = {
	};
	objectVersion = 77;
	objects = {

/* Begin PBXBuildFile section */
		678162CF2F16032D0038CF2D /* GEMINI.md in Resources */ = {isa = PBXBuildFile; fileRef = 678162CE2F16032D0038CF2D /* GEMINI.md */; };
		678162E72F1607950038CF2D /* AGENTS.md in Resources */ = {isa = PBXBuildFile; fileRef = 678162E62F1607950038CF2D /* AGENTS.md */; };
/* End PBXBuildFile section */

/* Begin PBXContainerItemProxy section */
		677769932F10E1E300AFB43C /* PBXContainerItemProxy */ = {
			isa = PBXContainerItemProxy;
			containerPortal = 6777697D2F10E1E200AFB43C /* Project object */;
			proxyType = 1;
			remoteGlobalIDString = 677769842F10E1E200AFB43C;
			remoteInfo = ghibliApp;
		};
		6777699D2F10E1E300AFB43C /* PBXContainerItemProxy */ = {
			isa = PBXContainerItemProxy;
			containerPortal = 6777697D2F10E1E200AFB43C /* Project object */;
			proxyType = 1;
			remoteGlobalIDString = 677769842F10E1E200AFB43C;
			remoteInfo = ghibliApp;
		};
/* End PBXContainerItemProxy section */

/* Begin PBXFileReference section */
		677769852F10E1E200AFB43C /* ghibliApp.app */ = {isa = PBXFileReference; explicitFileType = wrapper.application; includeInIndex = 0; path = ghibliApp.app; sourceTree = BUILT_PRODUCTS_DIR; };
		677769922F10E1E300AFB43C /* ghibliAppTests.xctest */ = {isa = PBXFileReference; explicitFileType = wrapper.cfbundle; includeInIndex = 0; path = ghibliAppTests.xctest; sourceTree = BUILT_PRODUCTS_DIR; };
		6777699C2F10E1E300AFB43C /* ghibliAppUITests.xctest */ = {isa = PBXFileReference; explicitFileType = wrapper.cfbundle; includeInIndex = 0; path = ghibliAppUITests.xctest; sourceTree = BUILT_PRODUCTS_DIR; };
		678162CC2F1602D50038CF2D /* .gitignore */ = {isa = PBXFileReference; lastKnownFileType = sourcecode.swift; path = .gitignore; sourceTree = "<group>"; };
		678162CE2F16032D0038CF2D /* GEMINI.md */ = {isa = PBXFileReference; lastKnownFileType = net.daringfireball.markdown; path = GEMINI.md; sourceTree = "<group>"; };
		678162E62F1607950038CF2D /* AGENTS.md */ = {isa = PBXFileReference; lastKnownFileType = net.daringfireball.markdown; path = AGENTS.md; sourceTree = "<group>"; };
/* End PBXFileReference section */

/* Begin PBXFileSystemSynchronizedRootGroup section */
		677769872F10E1E200AFB43C /* ghibliApp */ = {
			isa = PBXFileSystemSynchronizedRootGroup;
			path = ghibliApp;
			sourceTree = "<group>";
		};
		677769952F10E1E300AFB43C /* ghibliAppTests */ = {
			isa = PBXFileSystemSynchronizedRootGroup;
			path = ghibliAppTests;
			sourceTree = "<group>";
		};
		6777699F2F10E1E300AFB43C /* ghibliAppUITests */ = {
			isa = PBXFileSystemSynchronizedRootGroup;
			path = ghibliAppUITests;
			sourceTree = "<group>";
		};
/* End PBXFileSystemSynchronizedRootGroup section */

/* Begin PBXFrameworksBuildPhase section */
		677769822F10E1E200AFB43C /* Frameworks */ = {
			isa = PBXFrameworksBuildPhase;
			buildActionMask = 2147483647;
			files = (
			);
			runOnlyForDeploymentPostprocessing = 0;
		};
		6777698F2F10E1E300AFB43C /* Frameworks */ = {
			isa = PBXFrameworksBuildPhase;
			buildActionMask = 2147483647;
			files = (
			);
			runOnlyForDeploymentPostprocessing = 0;
		};
		677769992F10E1E300AFB43C /* Frameworks */ = {
			isa = PBXFrameworksBuildPhase;
			buildActionMask = 2147483647;
			files = (
			);
			runOnlyForDeploymentPostprocessing = 0;
		};
/* End PBXFrameworksBuildPhase section */

/* Begin PBXGroup section */
		6777697C2F10E1E200AFB43C = {
			isa = PBXGroup;
			children = (
				678162CC2F1602D50038CF2D /* .gitignore */,
				678162E62F1607950038CF2D /* AGENTS.md */,
				678162CE2F16032D0038CF2D /* GEMINI.md */,
				677769872F10E1E200AFB43C /* ghibliApp */,
				677769952F10E1E300AFB43C /* ghibliAppTests */,
				6777699F2F10E1E300AFB43C /* ghibliAppUITests */,
				677769862F10E1E200AFB43C /* Products */,
			);
			sourceTree = "<group>";
		};
		677769862F10E1E200AFB43C /* Products */ = {
			isa = PBXGroup;
			children = (
				677769852F10E1E200AFB43C /* ghibliApp.app */,
				677769922F10E1E300AFB43C /* ghibliAppTests.xctest */,
				6777699C2F10E1E300AFB43C /* ghibliAppUITests.xctest */,
			);
			name = Products;
			sourceTree = "<group>";
		};
/* End PBXGroup section */

/* Begin PBXNativeTarget section */
		677769842F10E1E200AFB43C /* ghibliApp */ = {
			isa = PBXNativeTarget;
			buildConfigurationList = 677769A62F10E1E300AFB43C /* Build configuration list for PBXNativeTarget "ghibliApp" */;
			buildPhases = (
				677769812F10E1E200AFB43C /* Sources */,
				677769822F10E1E200AFB43C /* Frameworks */,
				677769832F10E1E200AFB43C /* Resources */,
			);
			buildRules = (
			);
			dependencies = (
			);
			fileSystemSynchronizedGroups = (
				677769872F10E1E200AFB43C /* ghibliApp */,
			);
			name = ghibliApp;
			packageProductDependencies = (
			);
			productName = ghibliApp;
			productReference = 677769852F10E1E200AFB43C /* ghibliApp.app */;
			productType = "com.apple.product-type.application";
		};
		677769912F10E1E300AFB43C /* ghibliAppTests */ = {
			isa = PBXNativeTarget;
			buildConfigurationList = 677769A92F10E1E300AFB43C /* Build configuration list for PBXNativeTarget "ghibliAppTests" */;
			buildPhases = (
				6777698E2F10E1E300AFB43C /* Sources */,
				6777698F2F10E1E300AFB43C /* Frameworks */,
				677769902F10E1E300AFB43C /* Resources */,
			);
			buildRules = (
			);
			dependencies = (
				677769942F10E1E300AFB43C /* PBXTargetDependency */,
			);
			fileSystemSynchronizedGroups = (
				677769952F10E1E300AFB43C /* ghibliAppTests */,
			);
			name = ghibliAppTests;
			packageProductDependencies = (
			);
			productName = ghibliAppTests;
			productReference = 677769922F10E1E300AFB43C /* ghibliAppTests.xctest */;
			productType = "com.apple.product-type.bundle.unit-test";
		};
		6777699B2F10E1E300AFB43C /* ghibliAppUITests */ = {
			isa = PBXNativeTarget;
			buildConfigurationList = 677769AC2F10E1E300AFB43C /* Build configuration list for PBXNativeTarget "ghibliAppUITests" */;
			buildPhases = (
				677769982F10E1E300AFB43C /* Sources */,
				677769992F10E1E300AFB43C /* Frameworks */,
				6777699A2F10E1E300AFB43C /* Resources */,
			);
			buildRules = (
			);
			dependencies = (
				6777699E2F10E1E300AFB43C /* PBXTargetDependency */,
			);
			fileSystemSynchronizedGroups = (
				6777699F2F10E1E300AFB43C /* ghibliAppUITests */,
			);
			name = ghibliAppUITests;
			packageProductDependencies = (
			);
			productName = ghibliAppUITests;
			productReference = 6777699C2F10E1E300AFB43C /* ghibliAppUITests.xctest */;
			productType = "com.apple.product-type.bundle.ui-testing";
		};
/* End PBXNativeTarget section */

/* Begin PBXProject section */
		6777697D2F10E1E200AFB43C /* Project object */ = {
			isa = PBXProject;
			attributes = {
				BuildIndependentTargetsInParallel = 1;
				LastSwiftUpdateCheck = 2620;
				LastUpgradeCheck = 2620;
				TargetAttributes = {
					677769842F10E1E200AFB43C = {
						CreatedOnToolsVersion = 26.2;
					};
					677769912F10E1E300AFB43C = {
						CreatedOnToolsVersion = 26.2;
						TestTargetID = 677769842F10E1E200AFB43C;
					};
					6777699B2F10E1E300AFB43C = {
						CreatedOnToolsVersion = 26.2;
						TestTargetID = 677769842F10E1E200AFB43C;
					};
				};
			};
			buildConfigurationList = 677769802F10E1E200AFB43C /* Build configuration list for PBXProject "ghibliApp" */;
			developmentRegion = en;
			hasScannedForEncodings = 0;
			knownRegions = (
				en,
				Base,
			);
			mainGroup = 6777697C2F10E1E200AFB43C;
			minimizedProjectReferenceProxies = 1;
			preferredProjectObjectVersion = 77;
			productRefGroup = 677769862F10E1E200AFB43C /* Products */;
			projectDirPath = "";
			projectRoot = "";
			targets = (
				677769842F10E1E200AFB43C /* ghibliApp */,
				677769912F10E1E300AFB43C /* ghibliAppTests */,
				6777699B2F10E1E300AFB43C /* ghibliAppUITests */,
			);
		};
/* End PBXProject section */

/* Begin PBXResourcesBuildPhase section */
		677769832F10E1E200AFB43C /* Resources */ = {
			isa = PBXResourcesBuildPhase;
			buildActionMask = 2147483647;
			files = (
				678162CF2F16032D0038CF2D /* GEMINI.md in Resources */,
				678162E72F1607950038CF2D /* AGENTS.md in Resources */,
			);
			runOnlyForDeploymentPostprocessing = 0;
		};
		677769902F10E1E300AFB43C /* Resources */ = {
			isa = PBXResourcesBuildPhase;
			buildActionMask = 2147483647;
			files = (
			);
			runOnlyForDeploymentPostprocessing = 0;
		};
		6777699A2F10E1E300AFB43C /* Resources */ = {
			isa = PBXResourcesBuildPhase;
			buildActionMask = 2147483647;
			files = (
			);
			runOnlyForDeploymentPostprocessing = 0;
		};
/* End PBXResourcesBuildPhase section */

/* Begin PBXSourcesBuildPhase section */
		677769812F10E1E200AFB43C /* Sources */ = {
			isa = PBXSourcesBuildPhase;
			buildActionMask = 2147483647;
			files = (
			);
			runOnlyForDeploymentPostprocessing = 0;
		};
		6777698E2F10E1E300AFB43C /* Sources */ = {
			isa = PBXSourcesBuildPhase;
			buildActionMask = 2147483647;
			files = (
			);
			runOnlyForDeploymentPostprocessing = 0;
		};
		677769982F10E1E300AFB43C /* Sources */ = {
			isa = PBXSourcesBuildPhase;
			buildActionMask = 2147483647;
			files = (
			);
			runOnlyForDeploymentPostprocessing = 0;
		};
/* End PBXSourcesBuildPhase section */

/* Begin PBXTargetDependency section */
		677769942F10E1E300AFB43C /* PBXTargetDependency */ = {
			isa = PBXTargetDependency;
			target = 677769842F10E1E200AFB43C /* ghibliApp */;
			targetProxy = 677769932F10E1E300AFB43C /* PBXContainerItemProxy */;
		};
		6777699E2F10E1E300AFB43C /* PBXTargetDependency */ = {
			isa = PBXTargetDependency;
			target = 677769842F10E1E200AFB43C /* ghibliApp */;
			targetProxy = 6777699D2F10E1E300AFB43C /* PBXContainerItemProxy */;
		};
/* End PBXTargetDependency section */

/* Begin XCBuildConfiguration section */
		677769A42F10E1E300AFB43C /* Debug */ = {
			isa = XCBuildConfiguration;
			buildSettings = {
				ALWAYS_SEARCH_USER_PATHS = NO;
				ASSETCATALOG_COMPILER_GENERATE_SWIFT_ASSET_SYMBOL_EXTENSIONS = YES;
				CLANG_ANALYZER_NONNULL = YES;
				CLANG_ANALYZER_NUMBER_OBJECT_CONVERSION = YES_AGGRESSIVE;
				CLANG_CXX_LANGUAGE_STANDARD = "gnu++20";
				CLANG_ENABLE_MODULES = YES;
				CLANG_ENABLE_OBJC_ARC = YES;
				CLANG_ENABLE_OBJC_WEAK = YES;
				CLANG_WARN_BLOCK_CAPTURE_AUTORELEASING = YES;
				CLANG_WARN_BOOL_CONVERSION = YES;
				CLANG_WARN_COMMA = YES;
				CLANG_WARN_CONSTANT_CONVERSION = YES;
				CLANG_WARN_DEPRECATED_OBJC_IMPLEMENTATIONS = YES;
				CLANG_WARN_DIRECT_OBJC_ISA_USAGE = YES_ERROR;
				CLANG_WARN_DOCUMENTATION_COMMENTS = YES;
				CLANG_WARN_EMPTY_BODY = YES;
				CLANG_WARN_ENUM_CONVERSION = YES;
				CLANG_WARN_INFINITE_RECURSION = YES;
				CLANG_WARN_INT_CONVERSION = YES;
				CLANG_WARN_NON_LITERAL_NULL_CONVERSION = YES;
				CLANG_WARN_OBJC_IMPLICIT_RETAIN_SELF = YES;
				CLANG_WARN_OBJC_LITERAL_CONVERSION = YES;
				CLANG_WARN_OBJC_ROOT_CLASS = YES_ERROR;
				CLANG_WARN_QUOTED_INCLUDE_IN_FRAMEWORK_HEADER = YES;
				CLANG_WARN_RANGE_LOOP_ANALYSIS = YES;
				CLANG_WARN_STRICT_PROTOTYPES = YES;
				CLANG_WARN_SUSPICIOUS_MOVE = YES;
				CLANG_WARN_UNGUARDED_AVAILABILITY = YES_AGGRESSIVE;
				CLANG_WARN_UNREACHABLE_CODE = YES;
				CLANG_WARN__DUPLICATE_METHOD_MATCH = YES;
				COPY_PHASE_STRIP = NO;
				DEBUG_INFORMATION_FORMAT = dwarf;
				DEVELOPMENT_TEAM = XMBH39P2YA;
				ENABLE_STRICT_OBJC_MSGSEND = YES;
				ENABLE_TESTABILITY = YES;
				ENABLE_USER_SCRIPT_SANDBOXING = YES;
				GCC_C_LANGUAGE_STANDARD = gnu17;
				GCC_DYNAMIC_NO_PIC = NO;
				GCC_NO_COMMON_BLOCKS = YES;
				GCC_OPTIMIZATION_LEVEL = 0;
				GCC_PREPROCESSOR_DEFINITIONS = (
					"DEBUG=1",
					"$(inherited)",
				);
				GCC_WARN_64_TO_32_BIT_CONVERSION = YES;
				GCC_WARN_ABOUT_RETURN_TYPE = YES_ERROR;
				GCC_WARN_UNDECLARED_SELECTOR = YES;
				GCC_WARN_UNINITIALIZED_AUTOS = YES_AGGRESSIVE;
				GCC_WARN_UNUSED_FUNCTION = YES;
				GCC_WARN_UNUSED_VARIABLE = YES;
				IPHONEOS_DEPLOYMENT_TARGET = 26.2;
				LOCALIZATION_PREFERS_STRING_CATALOGS = YES;
				MTL_ENABLE_DEBUG_INFO = INCLUDE_SOURCE;
				MTL_FAST_MATH = YES;
				ONLY_ACTIVE_ARCH = YES;
				SDKROOT = iphoneos;
				SWIFT_ACTIVE_COMPILATION_CONDITIONS = "DEBUG $(inherited)";
				SWIFT_APPROACHABLE_CONCURRENCY = YES;
				SWIFT_DEFAULT_ACTOR_ISOLATION = MainActor;
				SWIFT_OPTIMIZATION_LEVEL = "-Onone";
				SWIFT_STRICT_CONCURRENCY = targeted;
			};
			name = Debug;
		};
		677769A52F10E1E300AFB43C /* Release */ = {
			isa = XCBuildConfiguration;
			buildSettings = {
				ALWAYS_SEARCH_USER_PATHS = NO;
				ASSETCATALOG_COMPILER_GENERATE_SWIFT_ASSET_SYMBOL_EXTENSIONS = YES;
				CLANG_ANALYZER_NONNULL = YES;
				CLANG_ANALYZER_NUMBER_OBJECT_CONVERSION = YES_AGGRESSIVE;
				CLANG_CXX_LANGUAGE_STANDARD = "gnu++20";
				CLANG_ENABLE_MODULES = YES;
				CLANG_ENABLE_OBJC_ARC = YES;
				CLANG_ENABLE_OBJC_WEAK = YES;
				CLANG_WARN_BLOCK_CAPTURE_AUTORELEASING = YES;
				CLANG_WARN_BOOL_CONVERSION = YES;
				CLANG_WARN_COMMA = YES;
				CLANG_WARN_CONSTANT_CONVERSION = YES;
				CLANG_WARN_DEPRECATED_OBJC_IMPLEMENTATIONS = YES;
				CLANG_WARN_DIRECT_OBJC_ISA_USAGE = YES_ERROR;
				CLANG_WARN_DOCUMENTATION_COMMENTS = YES;
				CLANG_WARN_EMPTY_BODY = YES;
				CLANG_WARN_ENUM_CONVERSION = YES;
				CLANG_WARN_INFINITE_RECURSION = YES;
				CLANG_WARN_INT_CONVERSION = YES;
				CLANG_WARN_NON_LITERAL_NULL_CONVERSION = YES;
				CLANG_WARN_OBJC_IMPLICIT_RETAIN_SELF = YES;
				CLANG_WARN_OBJC_LITERAL_CONVERSION = YES;
				CLANG_WARN_OBJC_ROOT_CLASS = YES_ERROR;
				CLANG_WARN_QUOTED_INCLUDE_IN_FRAMEWORK_HEADER = YES;
				CLANG_WARN_RANGE_LOOP_ANALYSIS = YES;
				CLANG_WARN_STRICT_PROTOTYPES = YES;
				CLANG_WARN_SUSPICIOUS_MOVE = YES;
				CLANG_WARN_UNGUARDED_AVAILABILITY = YES_AGGRESSIVE;
				CLANG_WARN_UNREACHABLE_CODE = YES;
				CLANG_WARN__DUPLICATE_METHOD_MATCH = YES;
				COPY_PHASE_STRIP = NO;
				DEBUG_INFORMATION_FORMAT = "dwarf-with-dsym";
				DEVELOPMENT_TEAM = XMBH39P2YA;
				ENABLE_NS_ASSERTIONS = NO;
				ENABLE_STRICT_OBJC_MSGSEND = YES;
				ENABLE_USER_SCRIPT_SANDBOXING = YES;
				GCC_C_LANGUAGE_STANDARD = gnu17;
				GCC_NO_COMMON_BLOCKS = YES;
				GCC_WARN_64_TO_32_BIT_CONVERSION = YES;
				GCC_WARN_ABOUT_RETURN_TYPE = YES_ERROR;
				GCC_WARN_UNDECLARED_SELECTOR = YES;
				GCC_WARN_UNINITIALIZED_AUTOS = YES_AGGRESSIVE;
				GCC_WARN_UNUSED_FUNCTION = YES;
				GCC_WARN_UNUSED_VARIABLE = YES;
				IPHONEOS_DEPLOYMENT_TARGET = 26.2;
				LOCALIZATION_PREFERS_STRING_CATALOGS = YES;
				MTL_ENABLE_DEBUG_INFO = NO;
				MTL_FAST_MATH = YES;
				SDKROOT = iphoneos;
				SWIFT_APPROACHABLE_CONCURRENCY = YES;
				SWIFT_COMPILATION_MODE = wholemodule;
				SWIFT_DEFAULT_ACTOR_ISOLATION = MainActor;
				SWIFT_STRICT_CONCURRENCY = targeted;
				VALIDATE_PRODUCT = YES;
			};
			name = Release;
		};
		677769A72F10E1E300AFB43C /* Debug */ = {
			isa = XCBuildConfiguration;
			buildSettings = {
				ASSETCATALOG_COMPILER_APPICON_NAME = AppIcon;
				ASSETCATALOG_COMPILER_GLOBAL_ACCENT_COLOR_NAME = AccentColor;
				CODE_SIGN_STYLE = Automatic;
				CURRENT_PROJECT_VERSION = 1;
				DEVELOPMENT_ASSET_PATHS = "ghibliApp/Preview\\ Assets ghibliApp/Preview\\ Assets/SampleData.json";
				DEVELOPMENT_TEAM = XMBH39P2YA;
				ENABLE_PREVIEWS = YES;
				GENERATE_INFOPLIST_FILE = YES;
				INFOPLIST_KEY_UIApplicationSceneManifest_Generation = YES;
				INFOPLIST_KEY_UIApplicationSupportsIndirectInputEvents = YES;
				INFOPLIST_KEY_UILaunchScreen_Generation = YES;
				INFOPLIST_KEY_UISupportedInterfaceOrientations_iPad = "UIInterfaceOrientationPortrait UIInterfaceOrientationPortraitUpsideDown UIInterfaceOrientationLandscapeLeft UIInterfaceOrientationLandscapeRight";
				INFOPLIST_KEY_UISupportedInterfaceOrientations_iPhone = "UIInterfaceOrientationPortrait UIInterfaceOrientationLandscapeLeft UIInterfaceOrientationLandscapeRight";
				LD_RUNPATH_SEARCH_PATHS = (
					"$(inherited)",
					"@executable_path/Frameworks",
				);
				MARKETING_VERSION = 1.0;
				PRODUCT_BUNDLE_IDENTIFIER = com.yoon.ghibliApp;
				PRODUCT_NAME = "$(TARGET_NAME)";
				STRING_CATALOG_GENERATE_SYMBOLS = YES;
				SWIFT_APPROACHABLE_CONCURRENCY = YES;
				SWIFT_DEFAULT_ACTOR_ISOLATION = MainActor;
				SWIFT_EMIT_LOC_STRINGS = YES;
				SWIFT_STRICT_CONCURRENCY = targeted;
				SWIFT_UPCOMING_FEATURE_GLOBAL_CONCURRENCY = NO;
				SWIFT_UPCOMING_FEATURE_MEMBER_IMPORT_VISIBILITY = YES;
				SWIFT_UPCOMING_FEATURE_REGION_BASED_ISOLATION = NO;
				SWIFT_VERSION = 6.0;
				TARGETED_DEVICE_FAMILY = "1,2";
			};
			name = Debug;
		};
		677769A82F10E1E300AFB43C /* Release */ = {
			isa = XCBuildConfiguration;
			buildSettings = {
				ASSETCATALOG_COMPILER_APPICON_NAME = AppIcon;
				ASSETCATALOG_COMPILER_GLOBAL_ACCENT_COLOR_NAME = AccentColor;
				CODE_SIGN_STYLE = Automatic;
				CURRENT_PROJECT_VERSION = 1;
				DEVELOPMENT_ASSET_PATHS = "ghibliApp/Preview\\ Assets ghibliApp/Preview\\ Assets/SampleData.json";
				DEVELOPMENT_TEAM = XMBH39P2YA;
				ENABLE_PREVIEWS = YES;
				GENERATE_INFOPLIST_FILE = YES;
				INFOPLIST_KEY_UIApplicationSceneManifest_Generation = YES;
				INFOPLIST_KEY_UIApplicationSupportsIndirectInputEvents = YES;
				INFOPLIST_KEY_UILaunchScreen_Generation = YES;
				INFOPLIST_KEY_UISupportedInterfaceOrientations_iPad = "UIInterfaceOrientationPortrait UIInterfaceOrientationPortraitUpsideDown UIInterfaceOrientationLandscapeLeft UIInterfaceOrientationLandscapeRight";
				INFOPLIST_KEY_UISupportedInterfaceOrientations_iPhone = "UIInterfaceOrientationPortrait UIInterfaceOrientationLandscapeLeft UIInterfaceOrientationLandscapeRight";
				LD_RUNPATH_SEARCH_PATHS = (
					"$(inherited)",
					"@executable_path/Frameworks",
				);
				MARKETING_VERSION = 1.0;
				PRODUCT_BUNDLE_IDENTIFIER = com.yoon.ghibliApp;
				PRODUCT_NAME = "$(TARGET_NAME)";
				STRING_CATALOG_GENERATE_SYMBOLS = YES;
				SWIFT_APPROACHABLE_CONCURRENCY = YES;
				SWIFT_DEFAULT_ACTOR_ISOLATION = MainActor;
				SWIFT_EMIT_LOC_STRINGS = YES;
				SWIFT_STRICT_CONCURRENCY = targeted;
				SWIFT_UPCOMING_FEATURE_GLOBAL_CONCURRENCY = NO;
				SWIFT_UPCOMING_FEATURE_MEMBER_IMPORT_VISIBILITY = YES;
				SWIFT_UPCOMING_FEATURE_REGION_BASED_ISOLATION = NO;
				SWIFT_VERSION = 6.0;
				TARGETED_DEVICE_FAMILY = "1,2";
			};
			name = Release;
		};
		677769AA2F10E1E300AFB43C /* Debug */ = {
			isa = XCBuildConfiguration;
			buildSettings = {
				BUNDLE_LOADER = "$(TEST_HOST)";
				CODE_SIGN_STYLE = Automatic;
				CURRENT_PROJECT_VERSION = 1;
				DEVELOPMENT_TEAM = XMBH39P2YA;
				GENERATE_INFOPLIST_FILE = YES;
				IPHONEOS_DEPLOYMENT_TARGET = 26.2;
				MARKETING_VERSION = 1.0;
				PRODUCT_BUNDLE_IDENTIFIER = com.yoon.ghibliAppTests;
				PRODUCT_NAME = "$(TARGET_NAME)";
				STRING_CATALOG_GENERATE_SYMBOLS = NO;
				SWIFT_APPROACHABLE_CONCURRENCY = YES;
				SWIFT_EMIT_LOC_STRINGS = NO;
				SWIFT_UPCOMING_FEATURE_MEMBER_IMPORT_VISIBILITY = YES;
				SWIFT_VERSION = 5.0;
				TARGETED_DEVICE_FAMILY = "1,2";
				TEST_HOST = "$(BUILT_PRODUCTS_DIR)/ghibliApp.app/$(BUNDLE_EXECUTABLE_FOLDER_PATH)/ghibliApp";
			};
			name = Debug;
		};
		677769AB2F10E1E300AFB43C /* Release */ = {
			isa = XCBuildConfiguration;
			buildSettings = {
				BUNDLE_LOADER = "$(TEST_HOST)";
				CODE_SIGN_STYLE = Automatic;
				CURRENT_PROJECT_VERSION = 1;
				DEVELOPMENT_TEAM = XMBH39P2YA;
				GENERATE_INFOPLIST_FILE = YES;
				IPHONEOS_DEPLOYMENT_TARGET = 26.2;
				MARKETING_VERSION = 1.0;
				PRODUCT_BUNDLE_IDENTIFIER = com.yoon.ghibliAppTests;
				PRODUCT_NAME = "$(TARGET_NAME)";
				STRING_CATALOG_GENERATE_SYMBOLS = NO;
				SWIFT_APPROACHABLE_CONCURRENCY = YES;
				SWIFT_EMIT_LOC_STRINGS = NO;
				SWIFT_UPCOMING_FEATURE_MEMBER_IMPORT_VISIBILITY = YES;
				SWIFT_VERSION = 5.0;
				TARGETED_DEVICE_FAMILY = "1,2";
				TEST_HOST = "$(BUILT_PRODUCTS_DIR)/ghibliApp.app/$(BUNDLE_EXECUTABLE_FOLDER_PATH)/ghibliApp";
			};
			name = Release;
		};
		677769AD2F10E1E300AFB43C /* Debug */ = {
			isa = XCBuildConfiguration;
			buildSettings = {
				CODE_SIGN_STYLE = Automatic;
				CURRENT_PROJECT_VERSION = 1;
				DEVELOPMENT_TEAM = XMBH39P2YA;
				GENERATE_INFOPLIST_FILE = YES;
				MARKETING_VERSION = 1.0;
				PRODUCT_BUNDLE_IDENTIFIER = com.yoon.ghibliAppUITests;
				PRODUCT_NAME = "$(TARGET_NAME)";
				STRING_CATALOG_GENERATE_SYMBOLS = NO;
				SWIFT_APPROACHABLE_CONCURRENCY = YES;
				SWIFT_EMIT_LOC_STRINGS = NO;
				SWIFT_UPCOMING_FEATURE_MEMBER_IMPORT_VISIBILITY = YES;
				SWIFT_VERSION = 5.0;
				TARGETED_DEVICE_FAMILY = "1,2";
				TEST_TARGET_NAME = ghibliApp;
			};
			name = Debug;
		};
		677769AE2F10E1E300AFB43C /* Release */ = {
			isa = XCBuildConfiguration;
			buildSettings = {
				CODE_SIGN_STYLE = Automatic;
				CURRENT_PROJECT_VERSION = 1;
				DEVELOPMENT_TEAM = XMBH39P2YA;
				GENERATE_INFOPLIST_FILE = YES;
				MARKETING_VERSION = 1.0;
				PRODUCT_BUNDLE_IDENTIFIER = com.yoon.ghibliAppUITests;
				PRODUCT_NAME = "$(TARGET_NAME)";
				STRING_CATALOG_GENERATE_SYMBOLS = NO;
				SWIFT_APPROACHABLE_CONCURRENCY = YES;
				SWIFT_EMIT_LOC_STRINGS = NO;
				SWIFT_UPCOMING_FEATURE_MEMBER_IMPORT_VISIBILITY = YES;
				SWIFT_VERSION = 5.0;
				TARGETED_DEVICE_FAMILY = "1,2";
				TEST_TARGET_NAME = ghibliApp;
			};
			name = Release;
		};
/* End XCBuildConfiguration section */

/* Begin XCConfigurationList section */
		677769802F10E1E200AFB43C /* Build configuration list for PBXProject "ghibliApp" */ = {
			isa = XCConfigurationList;
			buildConfigurations = (
				677769A42F10E1E300AFB43C /* Debug */,
				677769A52F10E1E300AFB43C /* Release */,
			);
			defaultConfigurationIsVisible = 0;
			defaultConfigurationName = Release;
		};
		677769A62F10E1E300AFB43C /* Build configuration list for PBXNativeTarget "ghibliApp" */ = {
			isa = XCConfigurationList;
			buildConfigurations = (
				677769A72F10E1E300AFB43C /* Debug */,
				677769A82F10E1E300AFB43C /* Release */,
			);
			defaultConfigurationIsVisible = 0;
			defaultConfigurationName = Release;
		};
		677769A92F10E1E300AFB43C /* Build configuration list for PBXNativeTarget "ghibliAppTests" */ = {
			isa = XCConfigurationList;
			buildConfigurations = (
				677769AA2F10E1E300AFB43C /* Debug */,
				677769AB2F10E1E300AFB43C /* Release */,
			);
			defaultConfigurationIsVisible = 0;
			defaultConfigurationName = Release;
		};
		677769AC2F10E1E300AFB43C /* Build configuration list for PBXNativeTarget "ghibliAppUITests" */ = {
			isa = XCConfigurationList;
			buildConfigurations = (
				677769AD2F10E1E300AFB43C /* Debug */,
				677769AE2F10E1E300AFB43C /* Release */,
			);
			defaultConfigurationIsVisible = 0;
			defaultConfigurationName = Release;
		};
/* End XCConfigurationList section */
	};
	rootObject = 6777697D2F10E1E200AFB43C /* Project object */;
}
